
Microsoft Visual Studio Solution File, Format Version 12.00
# Visual Studio Version 16
VisualStudioVersion = 16.0.31321.278
MinimumVisualStudioVersion = 10.0.40219.1
Project("{F184B08F-C81C-45F6-A57F-5ABD9991F28F}") = "WindowsViewportTrasformation", "WindowsViewportTrasformation.vbproj", "{01A86FB6-016F-4657-A61C-B4272762F393}"
EndProject
Global
	GlobalSection(SolutionConfigurationPlatforms) = preSolution
		Debug|Any CPU = Debug|Any CPU
		Release|Any CPU = Release|Any CPU
	EndGlobalSection
	GlobalSection(ProjectConfigurationPlatforms) = postSolution
		{01A86FB6-016F-4657-A61C-B4272762F393}.Debug|Any CPU.ActiveCfg = Debug|Any CPU
		{01A86FB6-016F-4657-A61C-B4272762F393}.Debug|Any CPU.Build.0 = Debug|Any CPU
		{01A86FB6-016F-4657-A61C-B4272762F393}.Release|Any CPU.ActiveCfg = Release|Any CPU
		{01A86FB6-016F-4657-A61C-B4272762F393}.Release|Any CPU.Build.0 = Release|Any CPU
	EndGlobalSection
	GlobalSection(SolutionProperties) = preSolution
		HideSolutionNode = FALSE
	EndGlobalSection
	GlobalSection(ExtensibilityGlobals) = postSolution
		SolutionGuid = {0C4D8951-B17D-4D8B-BE3D-3CF1B9485A57}
	EndGlobalSection
EndGlobal
