
Microsoft Visual Studio Solution File, Format Version 12.00
# Visual Studio Version 16
VisualStudioVersion = 16.0.31321.278
MinimumVisualStudioVersion = 10.0.40219.1
Project("{FAE04EC0-301F-11D3-BF4B-00C04F79EFBC}") = "Random_and_Timer_CSharp", "Random_and_Timer_CSharp\Random_and_Timer_CSharp.csproj", "{9EBD11E4-BDA5-40A4-A972-F0CC3AC42EA2}"
EndProject
Global
	GlobalSection(SolutionConfigurationPlatforms) = preSolution
		Debug|Any CPU = Debug|Any CPU
		Release|Any CPU = Release|Any CPU
	EndGlobalSection
	GlobalSection(ProjectConfigurationPlatforms) = postSolution
		{9EBD11E4-BDA5-40A4-A972-F0CC3AC42EA2}.Debug|Any CPU.ActiveCfg = Debug|Any CPU
		{9EBD11E4-BDA5-40A4-A972-F0CC3AC42EA2}.Debug|Any CPU.Build.0 = Debug|Any CPU
		{9EBD11E4-BDA5-40A4-A972-F0CC3AC42EA2}.Release|Any CPU.ActiveCfg = Release|Any CPU
		{9EBD11E4-BDA5-40A4-A972-F0CC3AC42EA2}.Release|Any CPU.Build.0 = Release|Any CPU
	EndGlobalSection
	GlobalSection(SolutionProperties) = preSolution
		HideSolutionNode = FALSE
	EndGlobalSection
	GlobalSection(ExtensibilityGlobals) = postSolution
		SolutionGuid = {8F937362-A329-458A-A1E8-261AF4912E2F}
	EndGlobalSection
EndGlobal
